
Microsoft Visual Studio Solution File, Format Version 12.00
# Visual Studio 15
VisualStudioVersion = 15.0.27703.2000
MinimumVisualStudioVersion = 10.0.40219.1
Project("{F184B08F-C81C-45F6-A57F-5ABD9991F28F}") = "TorneosEntidades", "TorneosEntidades\TorneosEntidades.vbproj", "{F60DAEFF-A1A7-4476-8CCE-6D185FEE82AF}"
EndProject
Project("{F184B08F-C81C-45F6-A57F-5ABD9991F28F}") = "TorneosTest", "TorneosTest\TorneosTest.vbproj", "{F589BD7B-EB3E-464B-A842-DE4C3B46A546}"
EndProject
Global
	GlobalSection(SolutionConfigurationPlatforms) = preSolution
		Debug|Any CPU = Debug|Any CPU
		Release|Any CPU = Release|Any CPU
	EndGlobalSection
	GlobalSection(ProjectConfigurationPlatforms) = postSolution
		{F60DAEFF-A1A7-4476-8CCE-6D185FEE82AF}.Debug|Any CPU.ActiveCfg = Debug|Any CPU
		{F60DAEFF-A1A7-4476-8CCE-6D185FEE82AF}.Debug|Any CPU.Build.0 = Debug|Any CPU
		{F60DAEFF-A1A7-4476-8CCE-6D185FEE82AF}.Release|Any CPU.ActiveCfg = Release|Any CPU
		{F60DAEFF-A1A7-4476-8CCE-6D185FEE82AF}.Release|Any CPU.Build.0 = Release|Any CPU
		{F589BD7B-EB3E-464B-A842-DE4C3B46A546}.Debug|Any CPU.ActiveCfg = Debug|Any CPU
		{F589BD7B-EB3E-464B-A842-DE4C3B46A546}.Debug|Any CPU.Build.0 = Debug|Any CPU
		{F589BD7B-EB3E-464B-A842-DE4C3B46A546}.Release|Any CPU.ActiveCfg = Release|Any CPU
		{F589BD7B-EB3E-464B-A842-DE4C3B46A546}.Release|Any CPU.Build.0 = Release|Any CPU
	EndGlobalSection
	GlobalSection(SolutionProperties) = preSolution
		HideSolutionNode = FALSE
	EndGlobalSection
	GlobalSection(ExtensibilityGlobals) = postSolution
		SolutionGuid = {08F8CECF-D48B-476E-9075-D76B33CF12D4}
	EndGlobalSection
EndGlobal
